
Microsoft Visual Studio Solution File, Format Version 12.00
# Visual Studio 14
VisualStudioVersion = 14.0.25420.1
MinimumVisualStudioVersion = 10.0.40219.1
Project("{2150E333-8FDC-42A3-9474-1A3956D46DE8}") = "01--Data", "01--Data", "{6EE2DCDC-39AE-4872-A2C7-316AC45E44D8}"
EndProject
Project("{2150E333-8FDC-42A3-9474-1A3956D46DE8}") = "02--Core", "02--Core", "{A43FAAF7-22CB-490A-8FAB-8FFCA9292CBD}"
EndProject
Project("{2150E333-8FDC-42A3-9474-1A3956D46DE8}") = "03--Web", "03--Web", "{7E06A497-4808-4364-B85B-E3482CAA1803}"
EndProject
Project("{2150E333-8FDC-42A3-9474-1A3956D46DE8}") = "04--Tool", "04--Tool", "{34E185E3-8D49-4010-92E4-47326BA6B038}"
EndProject
Project("{FAE04EC0-301F-11D3-BF4B-00C04F79EFBC}") = "Net66.Entity", "Net66.Entity\Net66.Entity.csproj", "{6D30047C-4BAF-41F7-A2A7-8582E815C5D7}"
EndProject
Project("{FAE04EC0-301F-11D3-BF4B-00C04F79EFBC}") = "Net66.Data", "Net66.Data\Net66.Data.csproj", "{0039C1DE-5BD9-409D-BDEA-35EE45B5D447}"
EndProject
Project("{FAE04EC0-301F-11D3-BF4B-00C04F79EFBC}") = "Net66.Cached", "Net66.Cached\Net66.Cached.csproj", "{AF24BA2F-941E-41D3-954C-26C74BEB5F13}"
EndProject
Project("{FAE04EC0-301F-11D3-BF4B-00C04F79EFBC}") = "Net66.Comm", "Net66.Comm\Net66.Comm.csproj", "{4BC4AC6D-E048-49BD-B775-EC48CDC3AFF0}"
EndProject
Project("{FAE04EC0-301F-11D3-BF4B-00C04F79EFBC}") = "Net66.Core", "Net66.Core\Net66.Core.csproj", "{4A61CFD6-D871-4629-BF9E-E9DC5285BDF6}"
EndProject
Project("{FAE04EC0-301F-11D3-BF4B-00C04F79EFBC}") = "Net66.Service", "Net66.Service\Net66.Service.csproj", "{FB6F1E19-4649-493C-81AE-3593C76DFC71}"
EndProject
Project("{FAE04EC0-301F-11D3-BF4B-00C04F79EFBC}") = "Net66.Service.Tests", "Net66.Service.Tests\Net66.Service.Tests.csproj", "{82C0D0F1-7B3F-4CF2-A237-15D854C78D32}"
EndProject
Project("{FAE04EC0-301F-11D3-BF4B-00C04F79EFBC}") = "ApiTest", "ApiTest\ApiTest.csproj", "{245EA9AF-49EC-4759-B27F-C2B04F9B2085}"
EndProject
Project("{FAE04EC0-301F-11D3-BF4B-00C04F79EFBC}") = "RightsSys", "RightsSys\RightsSys.csproj", "{0BEB829C-A148-4A05-BCF8-AD0AA1D2E7A0}"
EndProject
Global
	GlobalSection(SolutionConfigurationPlatforms) = preSolution
		Debug|Any CPU = Debug|Any CPU
		Release|Any CPU = Release|Any CPU
	EndGlobalSection
	GlobalSection(ProjectConfigurationPlatforms) = postSolution
		{6D30047C-4BAF-41F7-A2A7-8582E815C5D7}.Debug|Any CPU.ActiveCfg = Debug|Any CPU
		{6D30047C-4BAF-41F7-A2A7-8582E815C5D7}.Debug|Any CPU.Build.0 = Debug|Any CPU
		{6D30047C-4BAF-41F7-A2A7-8582E815C5D7}.Release|Any CPU.ActiveCfg = Release|Any CPU
		{6D30047C-4BAF-41F7-A2A7-8582E815C5D7}.Release|Any CPU.Build.0 = Release|Any CPU
		{0039C1DE-5BD9-409D-BDEA-35EE45B5D447}.Debug|Any CPU.ActiveCfg = Debug|Any CPU
		{0039C1DE-5BD9-409D-BDEA-35EE45B5D447}.Debug|Any CPU.Build.0 = Debug|Any CPU
		{0039C1DE-5BD9-409D-BDEA-35EE45B5D447}.Release|Any CPU.ActiveCfg = Release|Any CPU
		{0039C1DE-5BD9-409D-BDEA-35EE45B5D447}.Release|Any CPU.Build.0 = Release|Any CPU
		{AF24BA2F-941E-41D3-954C-26C74BEB5F13}.Debug|Any CPU.ActiveCfg = Debug|Any CPU
		{AF24BA2F-941E-41D3-954C-26C74BEB5F13}.Debug|Any CPU.Build.0 = Debug|Any CPU
		{AF24BA2F-941E-41D3-954C-26C74BEB5F13}.Release|Any CPU.ActiveCfg = Release|Any CPU
		{AF24BA2F-941E-41D3-954C-26C74BEB5F13}.Release|Any CPU.Build.0 = Release|Any CPU
		{4BC4AC6D-E048-49BD-B775-EC48CDC3AFF0}.Debug|Any CPU.ActiveCfg = Debug|Any CPU
		{4BC4AC6D-E048-49BD-B775-EC48CDC3AFF0}.Debug|Any CPU.Build.0 = Debug|Any CPU
		{4BC4AC6D-E048-49BD-B775-EC48CDC3AFF0}.Release|Any CPU.ActiveCfg = Release|Any CPU
		{4BC4AC6D-E048-49BD-B775-EC48CDC3AFF0}.Release|Any CPU.Build.0 = Release|Any CPU
		{4A61CFD6-D871-4629-BF9E-E9DC5285BDF6}.Debug|Any CPU.ActiveCfg = Debug|Any CPU
		{4A61CFD6-D871-4629-BF9E-E9DC5285BDF6}.Debug|Any CPU.Build.0 = Debug|Any CPU
		{4A61CFD6-D871-4629-BF9E-E9DC5285BDF6}.Release|Any CPU.ActiveCfg = Release|Any CPU
		{4A61CFD6-D871-4629-BF9E-E9DC5285BDF6}.Release|Any CPU.Build.0 = Release|Any CPU
		{FB6F1E19-4649-493C-81AE-3593C76DFC71}.Debug|Any CPU.ActiveCfg = Debug|Any CPU
		{FB6F1E19-4649-493C-81AE-3593C76DFC71}.Debug|Any CPU.Build.0 = Debug|Any CPU
		{FB6F1E19-4649-493C-81AE-3593C76DFC71}.Release|Any CPU.ActiveCfg = Release|Any CPU
		{FB6F1E19-4649-493C-81AE-3593C76DFC71}.Release|Any CPU.Build.0 = Release|Any CPU
		{82C0D0F1-7B3F-4CF2-A237-15D854C78D32}.Debug|Any CPU.ActiveCfg = Debug|Any CPU
		{82C0D0F1-7B3F-4CF2-A237-15D854C78D32}.Debug|Any CPU.Build.0 = Debug|Any CPU
		{82C0D0F1-7B3F-4CF2-A237-15D854C78D32}.Release|Any CPU.ActiveCfg = Release|Any CPU
		{82C0D0F1-7B3F-4CF2-A237-15D854C78D32}.Release|Any CPU.Build.0 = Release|Any CPU
		{245EA9AF-49EC-4759-B27F-C2B04F9B2085}.Debug|Any CPU.ActiveCfg = Debug|Any CPU
		{245EA9AF-49EC-4759-B27F-C2B04F9B2085}.Debug|Any CPU.Build.0 = Debug|Any CPU
		{245EA9AF-49EC-4759-B27F-C2B04F9B2085}.Release|Any CPU.ActiveCfg = Release|Any CPU
		{245EA9AF-49EC-4759-B27F-C2B04F9B2085}.Release|Any CPU.Build.0 = Release|Any CPU
		{0BEB829C-A148-4A05-BCF8-AD0AA1D2E7A0}.Debug|Any CPU.ActiveCfg = Debug|Any CPU
		{0BEB829C-A148-4A05-BCF8-AD0AA1D2E7A0}.Debug|Any CPU.Build.0 = Debug|Any CPU
		{0BEB829C-A148-4A05-BCF8-AD0AA1D2E7A0}.Release|Any CPU.ActiveCfg = Release|Any CPU
		{0BEB829C-A148-4A05-BCF8-AD0AA1D2E7A0}.Release|Any CPU.Build.0 = Release|Any CPU
	EndGlobalSection
	GlobalSection(SolutionProperties) = preSolution
		HideSolutionNode = FALSE
	EndGlobalSection
	GlobalSection(NestedProjects) = preSolution
		{6D30047C-4BAF-41F7-A2A7-8582E815C5D7} = {6EE2DCDC-39AE-4872-A2C7-316AC45E44D8}
		{0039C1DE-5BD9-409D-BDEA-35EE45B5D447} = {6EE2DCDC-39AE-4872-A2C7-316AC45E44D8}
		{AF24BA2F-941E-41D3-954C-26C74BEB5F13} = {A43FAAF7-22CB-490A-8FAB-8FFCA9292CBD}
		{4BC4AC6D-E048-49BD-B775-EC48CDC3AFF0} = {A43FAAF7-22CB-490A-8FAB-8FFCA9292CBD}
		{4A61CFD6-D871-4629-BF9E-E9DC5285BDF6} = {A43FAAF7-22CB-490A-8FAB-8FFCA9292CBD}
		{FB6F1E19-4649-493C-81AE-3593C76DFC71} = {7E06A497-4808-4364-B85B-E3482CAA1803}
		{82C0D0F1-7B3F-4CF2-A237-15D854C78D32} = {7E06A497-4808-4364-B85B-E3482CAA1803}
		{245EA9AF-49EC-4759-B27F-C2B04F9B2085} = {34E185E3-8D49-4010-92E4-47326BA6B038}
		{0BEB829C-A148-4A05-BCF8-AD0AA1D2E7A0} = {34E185E3-8D49-4010-92E4-47326BA6B038}
	EndGlobalSection
EndGlobal
